// !$*UTF8*$!
{
	archiveVersion = 1;
	classes = {
	};
	objectVersion = 50;
	objects = {

/* Begin PBXBuildFile section */
		EC575DB9251167EE00735F88 /* AppDelegate.swift in Sources */ = {isa = PBXBuildFile; fileRef = EC575DB8251167EE00735F88 /* AppDelegate.swift */; };
		EC575DBB251167EE00735F88 /* SceneDelegate.swift in Sources */ = {isa = PBXBuildFile; fileRef = EC575DBA251167EE00735F88 /* SceneDelegate.swift */; };
		EC575DBD251167EE00735F88 /* ViewController.swift in Sources */ = {isa = PBXBuildFile; fileRef = EC575DBC251167EE00735F88 /* ViewController.swift */; };
		EC575DC0251167EE00735F88 /* Main.storyboard in Resources */ = {isa = PBXBuildFile; fileRef = EC575DBE251167EE00735F88 /* Main.storyboard */; };
		EC575DC2251167F500735F88 /* Assets.xcassets in Resources */ = {isa = PBXBuildFile; fileRef = EC575DC1251167F500735F88 /* Assets.xcassets */; };
		EC575DC5251167F500735F88 /* LaunchScreen.storyboard in Resources */ = {isa = PBXBuildFile; fileRef = EC575DC3251167F500735F88 /* LaunchScreen.storyboard */; };
		ECBEC50B251275E10034CC5E /* User.swift in Sources */ = {isa = PBXBuildFile; fileRef = ECBEC50A251275E10034CC5E /* User.swift */; };
/* End PBXBuildFile section */

/* Begin PBXFileReference section */
		EC575DB5251167EE00735F88 /* Cadastro.app */ = {isa = PBXFileReference; explicitFileType = wrapper.application; includeInIndex = 0; path = Cadastro.app; sourceTree = BUILT_PRODUCTS_DIR; };
		EC575DB8251167EE00735F88 /* AppDelegate.swift */ = {isa = PBXFileReference; lastKnownFileType = sourcecode.swift; path = AppDelegate.swift; sourceTree = "<group>"; };
		EC575DBA251167EE00735F88 /* SceneDelegate.swift */ = {isa = PBXFileReference; lastKnownFileType = sourcecode.swift; path = SceneDelegate.swift; sourceTree = "<group>"; };
		EC575DBC251167EE00735F88 /* ViewController.swift */ = {isa = PBXFileReference; lastKnownFileType = sourcecode.swift; path = ViewController.swift; sourceTree = "<group>"; };
		EC575DBF251167EE00735F88 /* Base */ = {isa = PBXFileReference; lastKnownFileType = file.storyboard; name = Base; path = Base.lproj/Main.storyboard; sourceTree = "<group>"; };
		EC575DC1251167F500735F88 /* Assets.xcassets */ = {isa = PBXFileReference; lastKnownFileType = folder.assetcatalog; path = Assets.xcassets; sourceTree = "<group>"; };
		EC575DC4251167F500735F88 /* Base */ = {isa = PBXFileReference; lastKnownFileType = file.storyboard; name = Base; path = Base.lproj/LaunchScreen.storyboard; sourceTree = "<group>"; };
		EC575DC6251167F500735F88 /* Info.plist */ = {isa = PBXFileReference; lastKnownFileType = text.plist.xml; path = Info.plist; sourceTree = "<group>"; };
		ECBEC50A251275E10034CC5E /* User.swift */ = {isa = PBXFileReference; lastKnownFileType = sourcecode.swift; path = User.swift; sourceTree = "<group>"; };
/* End PBXFileReference section */

/* Begin PBXFrameworksBuildPhase section */
		EC575DB2251167EE00735F88 /* Frameworks */ = {
			isa = PBXFrameworksBuildPhase;
			buildActionMask = 2147483647;
			files = (
			);
			runOnlyForDeploymentPostprocessing = 0;
		};
/* End PBXFrameworksBuildPhase section */

/* Begin PBXGroup section */
		EC575DAC251167ED00735F88 = {
			isa = PBXGroup;
			children = (
				EC575DB7251167EE00735F88 /* Cadastro */,
				EC575DB6251167EE00735F88 /* Products */,
			);
			sourceTree = "<group>";
		};
		EC575DB6251167EE00735F88 /* Products */ = {
			isa = PBXGroup;
			children = (
				EC575DB5251167EE00735F88 /* Cadastro.app */,
			);
			name = Products;
			sourceTree = "<group>";
		};
		EC575DB7251167EE00735F88 /* Cadastro */ = {
			isa = PBXGroup;
			children = (
				EC575DB8251167EE00735F88 /* AppDelegate.swift */,
				EC575DBA251167EE00735F88 /* SceneDelegate.swift */,
				EC575DBC251167EE00735F88 /* ViewController.swift */,
				ECBEC50A251275E10034CC5E /* User.swift */,
				EC575DBE251167EE00735F88 /* Main.storyboard */,
				EC575DC1251167F500735F88 /* Assets.xcassets */,
				EC575DC3251167F500735F88 /* LaunchScreen.storyboard */,
				EC575DC6251167F500735F88 /* Info.plist */,
			);
			path = Cadastro;
			sourceTree = "<group>";
		};
/* End PBXGroup section */

/* Begin PBXNativeTarget section */
		EC575DB4251167EE00735F88 /* Cadastro */ = {
			isa = PBXNativeTarget;
			buildConfigurationList = EC575DC9251167F500735F88 /* Build configuration list for PBXNativeTarget "Cadastro" */;
			buildPhases = (
				EC575DB1251167EE00735F88 /* Sources */,
				EC575DB2251167EE00735F88 /* Frameworks */,
				EC575DB3251167EE00735F88 /* Resources */,
			);
			buildRules = (
			);
			dependencies = (
			);
			name = Cadastro;
			productName = Cadastro;
			productReference = EC575DB5251167EE00735F88 /* Cadastro.app */;
			productType = "com.apple.product-type.application";
		};
/* End PBXNativeTarget section */

/* Begin PBXProject section */
		EC575DAD251167ED00735F88 /* Project object */ = {
			isa = PBXProject;
			attributes = {
				LastSwiftUpdateCheck = 1170;
				LastUpgradeCheck = 1170;
				ORGANIZATIONNAME = "Gustavo Schwarz";
				TargetAttributes = {
					EC575DB4251167EE00735F88 = {
						CreatedOnToolsVersion = 11.7;
					};
				};
			};
			buildConfigurationList = EC575DB0251167ED00735F88 /* Build configuration list for PBXProject "Cadastro" */;
			compatibilityVersion = "Xcode 9.3";
			developmentRegion = en;
			hasScannedForEncodings = 0;
			knownRegions = (
				en,
				Base,
			);
			mainGroup = EC575DAC251167ED00735F88;
			productRefGroup = EC575DB6251167EE00735F88 /* Products */;
			projectDirPath = "";
			projectRoot = "";
			targets = (
				EC575DB4251167EE00735F88 /* Cadastro */,
			);
		};
/* End PBXProject section */

/* Begin PBXResourcesBuildPhase section */
		EC575DB3251167EE00735F88 /* Resources */ = {
			isa = PBXResourcesBuildPhase;
			buildActionMask = 2147483647;
			files = (
				EC575DC5251167F500735F88 /* LaunchScreen.storyboard in Resources */,
				EC575DC2251167F500735F88 /* Assets.xcassets in Resources */,
				EC575DC0251167EE00735F88 /* Main.storyboard in Resources */,
			);
			runOnlyForDeploymentPostprocessing = 0;
		};
/* End PBXResourcesBuildPhase section */

/* Begin PBXSourcesBuildPhase section */
		EC575DB1251167EE00735F88 /* Sources */ = {
			isa = PBXSourcesBuildPhase;
			buildActionMask = 2147483647;
			files = (
				ECBEC50B251275E10034CC5E /* User.swift in Sources */,
				EC575DBD251167EE00735F88 /* ViewController.swift in Sources */,
				EC575DB9251167EE00735F88 /* AppDelegate.swift in Sources */,
				EC575DBB251167EE00735F88 /* SceneDelegate.swift in Sources */,
			);
			runOnlyForDeploymentPostprocessing = 0;
		};
/* End PBXSourcesBuildPhase section */

/* Begin PBXVariantGroup section */
		EC575DBE251167EE00735F88 /* Main.storyboard */ = {
			isa = PBXVariantGroup;
			children = (
				EC575DBF251167EE00735F88 /* Base */,
			);
			name = Main.storyboard;
			sourceTree = "<group>";
		};
		EC575DC3251167F500735F88 /* LaunchScreen.storyboard */ = {
			isa = PBXVariantGroup;
			children = (
				EC575DC4251167F500735F88 /* Base */,
			);
			name = LaunchScreen.storyboard;
			sourceTree = "<group>";
		};
/* End PBXVariantGroup section */

/* Begin XCBuildConfiguration section */
		EC575DC7251167F500735F88 /* Debug */ = {
			isa = XCBuildConfiguration;
			buildSettings = {
				ALWAYS_SEARCH_USER_PATHS = NO;
				CLANG_ANALYZER_NONNULL = YES;
				CLANG_ANALYZER_NUMBER_OBJECT_CONVERSION = YES_AGGRESSIVE;
				CLANG_CXX_LANGUAGE_STANDARD = "gnu++14";
				CLANG_CXX_LIBRARY = "libc++";
				CLANG_ENABLE_MODULES = YES;
				CLANG_ENABLE_OBJC_ARC = YES;
				CLANG_ENABLE_OBJC_WEAK = YES;
				CLANG_WARN_BLOCK_CAPTURE_AUTORELEASING = YES;
				CLANG_WARN_BOOL_CONVERSION = YES;
				CLANG_WARN_COMMA = YES;
				CLANG_WARN_CONSTANT_CONVERSION = YES;
				CLANG_WARN_DEPRECATED_OBJC_IMPLEMENTATIONS = YES;
				CLANG_WARN_DIRECT_OBJC_ISA_USAGE = YES_ERROR;
				CLANG_WARN_DOCUMENTATION_COMMENTS = YES;
				CLANG_WARN_EMPTY_BODY = YES;
				CLANG_WARN_ENUM_CONVERSION = YES;
				CLANG_WARN_INFINITE_RECURSION = YES;
				CLANG_WARN_INT_CONVERSION = YES;
				CLANG_WARN_NON_LITERAL_NULL_CONVERSION = YES;
				CLANG_WARN_OBJC_IMPLICIT_RETAIN_SELF = YES;
				CLANG_WARN_OBJC_LITERAL_CONVERSION = YES;
				CLANG_WARN_OBJC_ROOT_CLASS = YES_ERROR;
				CLANG_WARN_RANGE_LOOP_ANALYSIS = YES;
				CLANG_WARN_STRICT_PROTOTYPES = YES;
				CLANG_WARN_SUSPICIOUS_MOVE = YES;
				CLANG_WARN_UNGUARDED_AVAILABILITY = YES_AGGRESSIVE;
				CLANG_WARN_UNREACHABLE_CODE = YES;
				CLANG_WARN__DUPLICATE_METHOD_MATCH = YES;
				COPY_PHASE_STRIP = NO;
				DEBUG_INFORMATION_FORMAT = dwarf;
				ENABLE_STRICT_OBJC_MSGSEND = YES;
				ENABLE_TESTABILITY = YES;
				GCC_C_LANGUAGE_STANDARD = gnu11;
				GCC_DYNAMIC_NO_PIC = NO;
				GCC_NO_COMMON_BLOCKS = YES;
				GCC_OPTIMIZATION_LEVEL = 0;
				GCC_PREPROCESSOR_DEFINITIONS = (
					"DEBUG=1",
					"$(inherited)",
				);
				GCC_WARN_64_TO_32_BIT_CONVERSION = YES;
				GCC_WARN_ABOUT_RETURN_TYPE = YES_ERROR;
				GCC_WARN_UNDECLARED_SELECTOR = YES;
				GCC_WARN_UNINITIALIZED_AUTOS = YES_AGGRESSIVE;
				GCC_WARN_UNUSED_FUNCTION = YES;
				GCC_WARN_UNUSED_VARIABLE = YES;
				IPHONEOS_DEPLOYMENT_TARGET = 13.7;
				MTL_ENABLE_DEBUG_INFO = INCLUDE_SOURCE;
				MTL_FAST_MATH = YES;
				ONLY_ACTIVE_ARCH = YES;
				SDKROOT = iphoneos;
				SWIFT_ACTIVE_COMPILATION_CONDITIONS = DEBUG;
				SWIFT_OPTIMIZATION_LEVEL = "-Onone";
			};
			name = Debug;
		};
		EC575DC8251167F500735F88 /* Release */ = {
			isa = XCBuildConfiguration;
			buildSettings = {
				ALWAYS_SEARCH_USER_PATHS = NO;
				CLANG_ANALYZER_NONNULL = YES;
				CLANG_ANALYZER_NUMBER_OBJECT_CONVERSION = YES_AGGRESSIVE;
				CLANG_CXX_LANGUAGE_STANDARD = "gnu++14";
				CLANG_CXX_LIBRARY = "libc++";
				CLANG_ENABLE_MODULES = YES;
				CLANG_ENABLE_OBJC_ARC = YES;
				CLANG_ENABLE_OBJC_WEAK = YES;
				CLANG_WARN_BLOCK_CAPTURE_AUTORELEASING = YES;
				CLANG_WARN_BOOL_CONVERSION = YES;
				CLANG_WARN_COMMA = YES;
				CLANG_WARN_CONSTANT_CONVERSION = YES;
				CLANG_WARN_DEPRECATED_OBJC_IMPLEMENTATIONS = YES;
				CLANG_WARN_DIRECT_OBJC_ISA_USAGE = YES_ERROR;
				CLANG_WARN_DOCUMENTATION_COMMENTS = YES;
				CLANG_WARN_EMPTY_BODY = YES;
				CLANG_WARN_ENUM_CONVERSION = YES;
				CLANG_WARN_INFINITE_RECURSION = YES;
				CLANG_WARN_INT_CONVERSION = YES;
				CLANG_WARN_NON_LITERAL_NULL_CONVERSION = YES;
				CLANG_WARN_OBJC_IMPLICIT_RETAIN_SELF = YES;
				CLANG_WARN_OBJC_LITERAL_CONVERSION = YES;
				CLANG_WARN_OBJC_ROOT_CLASS = YES_ERROR;
				CLANG_WARN_RANGE_LOOP_ANALYSIS = YES;
				CLANG_WARN_STRICT_PROTOTYPES = YES;
				CLANG_WARN_SUSPICIOUS_MOVE = YES;
				CLANG_WARN_UNGUARDED_AVAILABILITY = YES_AGGRESSIVE;
				CLANG_WARN_UNREACHABLE_CODE = YES;
				CLANG_WARN__DUPLICATE_METHOD_MATCH = YES;
				COPY_PHASE_STRIP = NO;
				DEBUG_INFORMATION_FORMAT = "dwarf-with-dsym";
				ENABLE_NS_ASSERTIONS = NO;
				ENABLE_STRICT_OBJC_MSGSEND = YES;
				GCC_C_LANGUAGE_STANDARD = gnu11;
				GCC_NO_COMMON_BLOCKS = YES;
				GCC_WARN_64_TO_32_BIT_CONVERSION = YES;
				GCC_WARN_ABOUT_RETURN_TYPE = YES_ERROR;
				GCC_WARN_UNDECLARED_SELECTOR = YES;
				GCC_WARN_UNINITIALIZED_AUTOS = YES_AGGRESSIVE;
				GCC_WARN_UNUSED_FUNCTION = YES;
				GCC_WARN_UNUSED_VARIABLE = YES;
				IPHONEOS_DEPLOYMENT_TARGET = 13.7;
				MTL_ENABLE_DEBUG_INFO = NO;
				MTL_FAST_MATH = YES;
				SDKROOT = iphoneos;
				SWIFT_COMPILATION_MODE = wholemodule;
				SWIFT_OPTIMIZATION_LEVEL = "-O";
				VALIDATE_PRODUCT = YES;
			};
			name = Release;
		};
		EC575DCA251167F500735F88 /* Debug */ = {
			isa = XCBuildConfiguration;
			buildSettings = {
				ASSETCATALOG_COMPILER_APPICON_NAME = AppIcon;
				CODE_SIGN_STYLE = Automatic;
				INFOPLIST_FILE = Cadastro/Info.plist;
				LD_RUNPATH_SEARCH_PATHS = (
					"$(inherited)",
					"@executable_path/Frameworks",
				);
				PRODUCT_BUNDLE_IDENTIFIER = schwarz.gustavo.Cadastro;
				PRODUCT_NAME = "$(TARGET_NAME)";
				SWIFT_VERSION = 5.0;
				TARGETED_DEVICE_FAMILY = "1,2";
			};
			name = Debug;
		};
		EC575DCB251167F500735F88 /* Release */ = {
			isa = XCBuildConfiguration;
			buildSettings = {
				ASSETCATALOG_COMPILER_APPICON_NAME = AppIcon;
				CODE_SIGN_STYLE = Automatic;
				INFOPLIST_FILE = Cadastro/Info.plist;
				LD_RUNPATH_SEARCH_PATHS = (
					"$(inherited)",
					"@executable_path/Frameworks",
				);
				PRODUCT_BUNDLE_IDENTIFIER = schwarz.gustavo.Cadastro;
				PRODUCT_NAME = "$(TARGET_NAME)";
				SWIFT_VERSION = 5.0;
				TARGETED_DEVICE_FAMILY = "1,2";
			};
			name = Release;
		};
/* End XCBuildConfiguration section */

/* Begin XCConfigurationList section */
		EC575DB0251167ED00735F88 /* Build configuration list for PBXProject "Cadastro" */ = {
			isa = XCConfigurationList;
			buildConfigurations = (
				EC575DC7251167F500735F88 /* Debug */,
				EC575DC8251167F500735F88 /* Release */,
			);
			defaultConfigurationIsVisible = 0;
			defaultConfigurationName = Release;
		};
		EC575DC9251167F500735F88 /* Build configuration list for PBXNativeTarget "Cadastro" */ = {
			isa = XCConfigurationList;
			buildConfigurations = (
				EC575DCA251167F500735F88 /* Debug */,
				EC575DCB251167F500735F88 /* Release */,
			);
			defaultConfigurationIsVisible = 0;
			defaultConfigurationName = Release;
		};
/* End XCConfigurationList section */
	};
	rootObject = EC575DAD251167ED00735F88 /* Project object */;
}
